
Microsoft Visual Studio Solution File, Format Version 12.00
# Visual Studio Version 17
VisualStudioVersion = 17.10.34928.147
MinimumVisualStudioVersion = 10.0.40219.1
Project("{8BC9CEB8-8B4A-11D0-8D11-00A0C91BC942}") = "1346. Check If N and Its Double Exist", "1346. Check If N and Its Double Exist\1346. Check If N and Its Double Exist.vcxproj", "{5A2E3D73-614F-42E4-9B46-47A80DA97CC3}"
EndProject
Project("{8BC9CEB8-8B4A-11D0-8D11-00A0C91BC942}") = "1455. Check If a Word Occurs As a Prefix of Any Word in a Sentence", "1455. Check If a Word Occurs As a Prefix of Any Word in a Sentence\1455. Check If a Word Occurs As a Prefix of Any Word in a Sentence.vcxproj", "{9B825431-7D86-40F2-BB4F-3490BBAF3554}"
EndProject
Project("{8BC9CEB8-8B4A-11D0-8D11-00A0C91BC942}") = "2109. Adding Spaces to a String", "2109. Adding Spaces to a String\2109. Adding Spaces to a String.vcxproj", "{C32B7E47-79B0-40AE-BF2A-F2B72C00F0A2}"
EndProject
Project("{8BC9CEB8-8B4A-11D0-8D11-00A0C91BC942}") = "2558. Take Gifts From the Richest Pile", "2558. Take Gifts From the Richest Pile\2558. Take Gifts From the Richest Pile.vcxproj", "{6AA82186-44C1-48A4-8711-D0079EBAFB0A}"
EndProject
Project("{8BC9CEB8-8B4A-11D0-8D11-00A0C91BC942}") = "3264. Final Array State After K Multiplication Operations I", "3264. Final Array State After K Multiplication Operations I\3264. Final Array State After K Multiplication Operations I.vcxproj", "{EFDBFFC4-C36A-4CA3-9BC2-509A6198C5DF}"
EndProject
Project("{8BC9CEB8-8B4A-11D0-8D11-00A0C91BC942}") = "1475. Final Prices With a Special Discount in a Shop", "1475. Final Prices With a Special Discount in a Shop\1475. Final Prices With a Special Discount in a Shop.vcxproj", "{0C99AF95-484B-4922-9546-0ED987183DD4}"
EndProject
Global
	GlobalSection(SolutionConfigurationPlatforms) = preSolution
		Debug|x64 = Debug|x64
		Debug|x86 = Debug|x86
		Release|x64 = Release|x64
		Release|x86 = Release|x86
	EndGlobalSection
	GlobalSection(ProjectConfigurationPlatforms) = postSolution
		{5A2E3D73-614F-42E4-9B46-47A80DA97CC3}.Debug|x64.ActiveCfg = Debug|x64
		{5A2E3D73-614F-42E4-9B46-47A80DA97CC3}.Debug|x64.Build.0 = Debug|x64
		{5A2E3D73-614F-42E4-9B46-47A80DA97CC3}.Debug|x86.ActiveCfg = Debug|Win32
		{5A2E3D73-614F-42E4-9B46-47A80DA97CC3}.Debug|x86.Build.0 = Debug|Win32
		{5A2E3D73-614F-42E4-9B46-47A80DA97CC3}.Release|x64.ActiveCfg = Release|x64
		{5A2E3D73-614F-42E4-9B46-47A80DA97CC3}.Release|x64.Build.0 = Release|x64
		{5A2E3D73-614F-42E4-9B46-47A80DA97CC3}.Release|x86.ActiveCfg = Release|Win32
		{5A2E3D73-614F-42E4-9B46-47A80DA97CC3}.Release|x86.Build.0 = Release|Win32
		{9B825431-7D86-40F2-BB4F-3490BBAF3554}.Debug|x64.ActiveCfg = Debug|x64
		{9B825431-7D86-40F2-BB4F-3490BBAF3554}.Debug|x64.Build.0 = Debug|x64
		{9B825431-7D86-40F2-BB4F-3490BBAF3554}.Debug|x86.ActiveCfg = Debug|Win32
		{9B825431-7D86-40F2-BB4F-3490BBAF3554}.Debug|x86.Build.0 = Debug|Win32
		{9B825431-7D86-40F2-BB4F-3490BBAF3554}.Release|x64.ActiveCfg = Release|x64
		{9B825431-7D86-40F2-BB4F-3490BBAF3554}.Release|x64.Build.0 = Release|x64
		{9B825431-7D86-40F2-BB4F-3490BBAF3554}.Release|x86.ActiveCfg = Release|Win32
		{9B825431-7D86-40F2-BB4F-3490BBAF3554}.Release|x86.Build.0 = Release|Win32
		{C32B7E47-79B0-40AE-BF2A-F2B72C00F0A2}.Debug|x64.ActiveCfg = Debug|x64
		{C32B7E47-79B0-40AE-BF2A-F2B72C00F0A2}.Debug|x64.Build.0 = Debug|x64
		{C32B7E47-79B0-40AE-BF2A-F2B72C00F0A2}.Debug|x86.ActiveCfg = Debug|Win32
		{C32B7E47-79B0-40AE-BF2A-F2B72C00F0A2}.Debug|x86.Build.0 = Debug|Win32
		{C32B7E47-79B0-40AE-BF2A-F2B72C00F0A2}.Release|x64.ActiveCfg = Release|x64
		{C32B7E47-79B0-40AE-BF2A-F2B72C00F0A2}.Release|x64.Build.0 = Release|x64
		{C32B7E47-79B0-40AE-BF2A-F2B72C00F0A2}.Release|x86.ActiveCfg = Release|Win32
		{C32B7E47-79B0-40AE-BF2A-F2B72C00F0A2}.Release|x86.Build.0 = Release|Win32
		{6AA82186-44C1-48A4-8711-D0079EBAFB0A}.Debug|x64.ActiveCfg = Debug|x64
		{6AA82186-44C1-48A4-8711-D0079EBAFB0A}.Debug|x64.Build.0 = Debug|x64
		{6AA82186-44C1-48A4-8711-D0079EBAFB0A}.Debug|x86.ActiveCfg = Debug|Win32
		{6AA82186-44C1-48A4-8711-D0079EBAFB0A}.Debug|x86.Build.0 = Debug|Win32
		{6AA82186-44C1-48A4-8711-D0079EBAFB0A}.Release|x64.ActiveCfg = Release|x64
		{6AA82186-44C1-48A4-8711-D0079EBAFB0A}.Release|x64.Build.0 = Release|x64
		{6AA82186-44C1-48A4-8711-D0079EBAFB0A}.Release|x86.ActiveCfg = Release|Win32
		{6AA82186-44C1-48A4-8711-D0079EBAFB0A}.Release|x86.Build.0 = Release|Win32
		{EFDBFFC4-C36A-4CA3-9BC2-509A6198C5DF}.Debug|x64.ActiveCfg = Debug|x64
		{EFDBFFC4-C36A-4CA3-9BC2-509A6198C5DF}.Debug|x64.Build.0 = Debug|x64
		{EFDBFFC4-C36A-4CA3-9BC2-509A6198C5DF}.Debug|x86.ActiveCfg = Debug|Win32
		{EFDBFFC4-C36A-4CA3-9BC2-509A6198C5DF}.Debug|x86.Build.0 = Debug|Win32
		{EFDBFFC4-C36A-4CA3-9BC2-509A6198C5DF}.Release|x64.ActiveCfg = Release|x64
		{EFDBFFC4-C36A-4CA3-9BC2-509A6198C5DF}.Release|x64.Build.0 = Release|x64
		{EFDBFFC4-C36A-4CA3-9BC2-509A6198C5DF}.Release|x86.ActiveCfg = Release|Win32
		{EFDBFFC4-C36A-4CA3-9BC2-509A6198C5DF}.Release|x86.Build.0 = Release|Win32
		{0C99AF95-484B-4922-9546-0ED987183DD4}.Debug|x64.ActiveCfg = Debug|x64
		{0C99AF95-484B-4922-9546-0ED987183DD4}.Debug|x64.Build.0 = Debug|x64
		{0C99AF95-484B-4922-9546-0ED987183DD4}.Debug|x86.ActiveCfg = Debug|Win32
		{0C99AF95-484B-4922-9546-0ED987183DD4}.Debug|x86.Build.0 = Debug|Win32
		{0C99AF95-484B-4922-9546-0ED987183DD4}.Release|x64.ActiveCfg = Release|x64
		{0C99AF95-484B-4922-9546-0ED987183DD4}.Release|x64.Build.0 = Release|x64
		{0C99AF95-484B-4922-9546-0ED987183DD4}.Release|x86.ActiveCfg = Release|Win32
		{0C99AF95-484B-4922-9546-0ED987183DD4}.Release|x86.Build.0 = Release|Win32
	EndGlobalSection
	GlobalSection(SolutionProperties) = preSolution
		HideSolutionNode = FALSE
	EndGlobalSection
	GlobalSection(ExtensibilityGlobals) = postSolution
		SolutionGuid = {13CBAC20-73C5-44C6-ADC3-F1C9F00525CB}
	EndGlobalSection
EndGlobal
